// !$*UTF8*$!
{
	archiveVersion = 1;
	classes = {
	};
	objectVersion = 48;
	objects = {

/* Begin PBXBuildFile section */
		7BCD800A202CCBFF009824EE /* AppDelegate.swift in Sources */ = {isa = PBXBuildFile; fileRef = 7BCD8009202CCBFF009824EE /* AppDelegate.swift */; };
		7BCD800C202CCBFF009824EE /* ViewController.swift in Sources */ = {isa = PBXBuildFile; fileRef = 7BCD800B202CCBFF009824EE /* ViewController.swift */; };
		7BCD800F202CCBFF009824EE /* Main.storyboard in Resources */ = {isa = PBXBuildFile; fileRef = 7BCD800D202CCBFF009824EE /* Main.storyboard */; };
		7BCD8011202CCBFF009824EE /* Assets.xcassets in Resources */ = {isa = PBXBuildFile; fileRef = 7BCD8010202CCBFF009824EE /* Assets.xcassets */; };
		7BCD8014202CCBFF009824EE /* LaunchScreen.storyboard in Resources */ = {isa = PBXBuildFile; fileRef = 7BCD8012202CCBFF009824EE /* LaunchScreen.storyboard */; };
		7BCD801F202CCCD5009824EE /* PushButton.swift in Sources */ = {isa = PBXBuildFile; fileRef = 7BCD801E202CCCD5009824EE /* PushButton.swift */; };
		7BCD8021202CDAD1009824EE /* CounterView.swift in Sources */ = {isa = PBXBuildFile; fileRef = 7BCD8020202CDAD1009824EE /* CounterView.swift */; };
/* End PBXBuildFile section */

/* Begin PBXFileReference section */
		7BCD8006202CCBFF009824EE /* Hydrate.app */ = {isa = PBXFileReference; explicitFileType = wrapper.application; includeInIndex = 0; path = Hydrate.app; sourceTree = BUILT_PRODUCTS_DIR; };
		7BCD8009202CCBFF009824EE /* AppDelegate.swift */ = {isa = PBXFileReference; lastKnownFileType = sourcecode.swift; path = AppDelegate.swift; sourceTree = "<group>"; };
		7BCD800B202CCBFF009824EE /* ViewController.swift */ = {isa = PBXFileReference; lastKnownFileType = sourcecode.swift; path = ViewController.swift; sourceTree = "<group>"; };
		7BCD800E202CCBFF009824EE /* Base */ = {isa = PBXFileReference; lastKnownFileType = file.storyboard; name = Base; path = Base.lproj/Main.storyboard; sourceTree = "<group>"; };
		7BCD8010202CCBFF009824EE /* Assets.xcassets */ = {isa = PBXFileReference; lastKnownFileType = folder.assetcatalog; path = Assets.xcassets; sourceTree = "<group>"; };
		7BCD8013202CCBFF009824EE /* Base */ = {isa = PBXFileReference; lastKnownFileType = file.storyboard; name = Base; path = Base.lproj/LaunchScreen.storyboard; sourceTree = "<group>"; };
		7BCD8015202CCBFF009824EE /* Info.plist */ = {isa = PBXFileReference; lastKnownFileType = text.plist.xml; path = Info.plist; sourceTree = "<group>"; };
		7BCD801E202CCCD5009824EE /* PushButton.swift */ = {isa = PBXFileReference; lastKnownFileType = sourcecode.swift; path = PushButton.swift; sourceTree = "<group>"; };
		7BCD8020202CDAD1009824EE /* CounterView.swift */ = {isa = PBXFileReference; lastKnownFileType = sourcecode.swift; path = CounterView.swift; sourceTree = "<group>"; };
/* End PBXFileReference section */

/* Begin PBXFrameworksBuildPhase section */
		7BCD8003202CCBFF009824EE /* Frameworks */ = {
			isa = PBXFrameworksBuildPhase;
			buildActionMask = 2147483647;
			files = (
			);
			runOnlyForDeploymentPostprocessing = 0;
		};
/* End PBXFrameworksBuildPhase section */

/* Begin PBXGroup section */
		7BCD7FFD202CCBFF009824EE = {
			isa = PBXGroup;
			children = (
				7BCD8008202CCBFF009824EE /* Hydrate */,
				7BCD8007202CCBFF009824EE /* Products */,
			);
			sourceTree = "<group>";
		};
		7BCD8007202CCBFF009824EE /* Products */ = {
			isa = PBXGroup;
			children = (
				7BCD8006202CCBFF009824EE /* Hydrate.app */,
			);
			name = Products;
			sourceTree = "<group>";
		};
		7BCD8008202CCBFF009824EE /* Hydrate */ = {
			isa = PBXGroup;
			children = (
				7BCD801D202CCCA3009824EE /* Model */,
				7BCD801C202CCC9E009824EE /* View */,
				7BCD801B202CCC94009824EE /* Controller */,
				7BCD8012202CCBFF009824EE /* LaunchScreen.storyboard */,
				7BCD8015202CCBFF009824EE /* Info.plist */,
			);
			path = Hydrate;
			sourceTree = "<group>";
		};
		7BCD801B202CCC94009824EE /* Controller */ = {
			isa = PBXGroup;
			children = (
				7BCD8009202CCBFF009824EE /* AppDelegate.swift */,
				7BCD800B202CCBFF009824EE /* ViewController.swift */,
			);
			path = Controller;
			sourceTree = "<group>";
		};
		7BCD801C202CCC9E009824EE /* View */ = {
			isa = PBXGroup;
			children = (
				7BCD8010202CCBFF009824EE /* Assets.xcassets */,
				7BCD800D202CCBFF009824EE /* Main.storyboard */,
				7BCD801E202CCCD5009824EE /* PushButton.swift */,
				7BCD8020202CDAD1009824EE /* CounterView.swift */,
			);
			path = View;
			sourceTree = "<group>";
		};
		7BCD801D202CCCA3009824EE /* Model */ = {
			isa = PBXGroup;
			children = (
			);
			path = Model;
			sourceTree = "<group>";
		};
/* End PBXGroup section */

/* Begin PBXNativeTarget section */
		7BCD8005202CCBFF009824EE /* Hydrate */ = {
			isa = PBXNativeTarget;
			buildConfigurationList = 7BCD8018202CCBFF009824EE /* Build configuration list for PBXNativeTarget "Hydrate" */;
			buildPhases = (
				7BCD8002202CCBFF009824EE /* Sources */,
				7BCD8003202CCBFF009824EE /* Frameworks */,
				7BCD8004202CCBFF009824EE /* Resources */,
			);
			buildRules = (
			);
			dependencies = (
			);
			name = Hydrate;
			productName = Hydrate;
			productReference = 7BCD8006202CCBFF009824EE /* Hydrate.app */;
			productType = "com.apple.product-type.application";
		};
/* End PBXNativeTarget section */

/* Begin PBXProject section */
		7BCD7FFE202CCBFF009824EE /* Project object */ = {
			isa = PBXProject;
			attributes = {
				LastSwiftUpdateCheck = 0920;
				LastUpgradeCheck = 0920;
				ORGANIZATIONNAME = "Dan Lindsay";
				TargetAttributes = {
					7BCD8005202CCBFF009824EE = {
						CreatedOnToolsVersion = 9.2;
						ProvisioningStyle = Automatic;
					};
				};
			};
			buildConfigurationList = 7BCD8001202CCBFF009824EE /* Build configuration list for PBXProject "Hydrate" */;
			compatibilityVersion = "Xcode 8.0";
			developmentRegion = en;
			hasScannedForEncodings = 0;
			knownRegions = (
				en,
				Base,
			);
			mainGroup = 7BCD7FFD202CCBFF009824EE;
			productRefGroup = 7BCD8007202CCBFF009824EE /* Products */;
			projectDirPath = "";
			projectRoot = "";
			targets = (
				7BCD8005202CCBFF009824EE /* Hydrate */,
			);
		};
/* End PBXProject section */

/* Begin PBXResourcesBuildPhase section */
		7BCD8004202CCBFF009824EE /* Resources */ = {
			isa = PBXResourcesBuildPhase;
			buildActionMask = 2147483647;
			files = (
				7BCD8014202CCBFF009824EE /* LaunchScreen.storyboard in Resources */,
				7BCD8011202CCBFF009824EE /* Assets.xcassets in Resources */,
				7BCD800F202CCBFF009824EE /* Main.storyboard in Resources */,
			);
			runOnlyForDeploymentPostprocessing = 0;
		};
/* End PBXResourcesBuildPhase section */

/* Begin PBXSourcesBuildPhase section */
		7BCD8002202CCBFF009824EE /* Sources */ = {
			isa = PBXSourcesBuildPhase;
			buildActionMask = 2147483647;
			files = (
				7BCD800C202CCBFF009824EE /* ViewController.swift in Sources */,
				7BCD800A202CCBFF009824EE /* AppDelegate.swift in Sources */,
				7BCD801F202CCCD5009824EE /* PushButton.swift in Sources */,
				7BCD8021202CDAD1009824EE /* CounterView.swift in Sources */,
			);
			runOnlyForDeploymentPostprocessing = 0;
		};
/* End PBXSourcesBuildPhase section */

/* Begin PBXVariantGroup section */
		7BCD800D202CCBFF009824EE /* Main.storyboard */ = {
			isa = PBXVariantGroup;
			children = (
				7BCD800E202CCBFF009824EE /* Base */,
			);
			name = Main.storyboard;
			sourceTree = "<group>";
		};
		7BCD8012202CCBFF009824EE /* LaunchScreen.storyboard */ = {
			isa = PBXVariantGroup;
			children = (
				7BCD8013202CCBFF009824EE /* Base */,
			);
			name = LaunchScreen.storyboard;
			sourceTree = "<group>";
		};
/* End PBXVariantGroup section */

/* Begin XCBuildConfiguration section */
		7BCD8016202CCBFF009824EE /* Debug */ = {
			isa = XCBuildConfiguration;
			buildSettings = {
				ALWAYS_SEARCH_USER_PATHS = NO;
				CLANG_ANALYZER_NONNULL = YES;
				CLANG_ANALYZER_NUMBER_OBJECT_CONVERSION = YES_AGGRESSIVE;
				CLANG_CXX_LANGUAGE_STANDARD = "gnu++14";
				CLANG_CXX_LIBRARY = "libc++";
				CLANG_ENABLE_MODULES = YES;
				CLANG_ENABLE_OBJC_ARC = YES;
				CLANG_WARN_BLOCK_CAPTURE_AUTORELEASING = YES;
				CLANG_WARN_BOOL_CONVERSION = YES;
				CLANG_WARN_COMMA = YES;
				CLANG_WARN_CONSTANT_CONVERSION = YES;
				CLANG_WARN_DIRECT_OBJC_ISA_USAGE = YES_ERROR;
				CLANG_WARN_DOCUMENTATION_COMMENTS = YES;
				CLANG_WARN_EMPTY_BODY = YES;
				CLANG_WARN_ENUM_CONVERSION = YES;
				CLANG_WARN_INFINITE_RECURSION = YES;
				CLANG_WARN_INT_CONVERSION = YES;
				CLANG_WARN_NON_LITERAL_NULL_CONVERSION = YES;
				CLANG_WARN_OBJC_LITERAL_CONVERSION = YES;
				CLANG_WARN_OBJC_ROOT_CLASS = YES_ERROR;
				CLANG_WARN_RANGE_LOOP_ANALYSIS = YES;
				CLANG_WARN_STRICT_PROTOTYPES = YES;
				CLANG_WARN_SUSPICIOUS_MOVE = YES;
				CLANG_WARN_UNGUARDED_AVAILABILITY = YES_AGGRESSIVE;
				CLANG_WARN_UNREACHABLE_CODE = YES;
				CLANG_WARN__DUPLICATE_METHOD_MATCH = YES;
				CODE_SIGN_IDENTITY = "iPhone Developer";
				COPY_PHASE_STRIP = NO;
				DEBUG_INFORMATION_FORMAT = dwarf;
				ENABLE_STRICT_OBJC_MSGSEND = YES;
				ENABLE_TESTABILITY = YES;
				GCC_C_LANGUAGE_STANDARD = gnu11;
				GCC_DYNAMIC_NO_PIC = NO;
				GCC_NO_COMMON_BLOCKS = YES;
				GCC_OPTIMIZATION_LEVEL = 0;
				GCC_PREPROCESSOR_DEFINITIONS = (
					"DEBUG=1",
					"$(inherited)",
				);
				GCC_WARN_64_TO_32_BIT_CONVERSION = YES;
				GCC_WARN_ABOUT_RETURN_TYPE = YES_ERROR;
				GCC_WARN_UNDECLARED_SELECTOR = YES;
				GCC_WARN_UNINITIALIZED_AUTOS = YES_AGGRESSIVE;
				GCC_WARN_UNUSED_FUNCTION = YES;
				GCC_WARN_UNUSED_VARIABLE = YES;
				IPHONEOS_DEPLOYMENT_TARGET = 11.2;
				MTL_ENABLE_DEBUG_INFO = YES;
				ONLY_ACTIVE_ARCH = YES;
				SDKROOT = iphoneos;
				SWIFT_ACTIVE_COMPILATION_CONDITIONS = DEBUG;
				SWIFT_OPTIMIZATION_LEVEL = "-Onone";
			};
			name = Debug;
		};
		7BCD8017202CCBFF009824EE /* Release */ = {
			isa = XCBuildConfiguration;
			buildSettings = {
				ALWAYS_SEARCH_USER_PATHS = NO;
				CLANG_ANALYZER_NONNULL = YES;
				CLANG_ANALYZER_NUMBER_OBJECT_CONVERSION = YES_AGGRESSIVE;
				CLANG_CXX_LANGUAGE_STANDARD = "gnu++14";
				CLANG_CXX_LIBRARY = "libc++";
				CLANG_ENABLE_MODULES = YES;
				CLANG_ENABLE_OBJC_ARC = YES;
				CLANG_WARN_BLOCK_CAPTURE_AUTORELEASING = YES;
				CLANG_WARN_BOOL_CONVERSION = YES;
				CLANG_WARN_COMMA = YES;
				CLANG_WARN_CONSTANT_CONVERSION = YES;
				CLANG_WARN_DIRECT_OBJC_ISA_USAGE = YES_ERROR;
				CLANG_WARN_DOCUMENTATION_COMMENTS = YES;
				CLANG_WARN_EMPTY_BODY = YES;
				CLANG_WARN_ENUM_CONVERSION = YES;
				CLANG_WARN_INFINITE_RECURSION = YES;
				CLANG_WARN_INT_CONVERSION = YES;
				CLANG_WARN_NON_LITERAL_NULL_CONVERSION = YES;
				CLANG_WARN_OBJC_LITERAL_CONVERSION = YES;
				CLANG_WARN_OBJC_ROOT_CLASS = YES_ERROR;
				CLANG_WARN_RANGE_LOOP_ANALYSIS = YES;
				CLANG_WARN_STRICT_PROTOTYPES = YES;
				CLANG_WARN_SUSPICIOUS_MOVE = YES;
				CLANG_WARN_UNGUARDED_AVAILABILITY = YES_AGGRESSIVE;
				CLANG_WARN_UNREACHABLE_CODE = YES;
				CLANG_WARN__DUPLICATE_METHOD_MATCH = YES;
				CODE_SIGN_IDENTITY = "iPhone Developer";
				COPY_PHASE_STRIP = NO;
				DEBUG_INFORMATION_FORMAT = "dwarf-with-dsym";
				ENABLE_NS_ASSERTIONS = NO;
				ENABLE_STRICT_OBJC_MSGSEND = YES;
				GCC_C_LANGUAGE_STANDARD = gnu11;
				GCC_NO_COMMON_BLOCKS = YES;
				GCC_WARN_64_TO_32_BIT_CONVERSION = YES;
				GCC_WARN_ABOUT_RETURN_TYPE = YES_ERROR;
				GCC_WARN_UNDECLARED_SELECTOR = YES;
				GCC_WARN_UNINITIALIZED_AUTOS = YES_AGGRESSIVE;
				GCC_WARN_UNUSED_FUNCTION = YES;
				GCC_WARN_UNUSED_VARIABLE = YES;
				IPHONEOS_DEPLOYMENT_TARGET = 11.2;
				MTL_ENABLE_DEBUG_INFO = NO;
				SDKROOT = iphoneos;
				SWIFT_OPTIMIZATION_LEVEL = "-Owholemodule";
				VALIDATE_PRODUCT = YES;
			};
			name = Release;
		};
		7BCD8019202CCBFF009824EE /* Debug */ = {
			isa = XCBuildConfiguration;
			buildSettings = {
				ASSETCATALOG_COMPILER_APPICON_NAME = AppIcon;
				CODE_SIGN_STYLE = Automatic;
				DEVELOPMENT_TEAM = 999T2QHS45;
				INFOPLIST_FILE = Hydrate/Info.plist;
				LD_RUNPATH_SEARCH_PATHS = "$(inherited) @executable_path/Frameworks";
				PRODUCT_BUNDLE_IDENTIFIER = com.dreamerongo.Hydrate;
				PRODUCT_NAME = "$(TARGET_NAME)";
				SWIFT_VERSION = 4.0;
				TARGETED_DEVICE_FAMILY = "1,2";
			};
			name = Debug;
		};
		7BCD801A202CCBFF009824EE /* Release */ = {
			isa = XCBuildConfiguration;
			buildSettings = {
				ASSETCATALOG_COMPILER_APPICON_NAME = AppIcon;
				CODE_SIGN_STYLE = Automatic;
				DEVELOPMENT_TEAM = 999T2QHS45;
				INFOPLIST_FILE = Hydrate/Info.plist;
				LD_RUNPATH_SEARCH_PATHS = "$(inherited) @executable_path/Frameworks";
				PRODUCT_BUNDLE_IDENTIFIER = com.dreamerongo.Hydrate;
				PRODUCT_NAME = "$(TARGET_NAME)";
				SWIFT_VERSION = 4.0;
				TARGETED_DEVICE_FAMILY = "1,2";
			};
			name = Release;
		};
/* End XCBuildConfiguration section */

/* Begin XCConfigurationList section */
		7BCD8001202CCBFF009824EE /* Build configuration list for PBXProject "Hydrate" */ = {
			isa = XCConfigurationList;
			buildConfigurations = (
				7BCD8016202CCBFF009824EE /* Debug */,
				7BCD8017202CCBFF009824EE /* Release */,
			);
			defaultConfigurationIsVisible = 0;
			defaultConfigurationName = Release;
		};
		7BCD8018202CCBFF009824EE /* Build configuration list for PBXNativeTarget "Hydrate" */ = {
			isa = XCConfigurationList;
			buildConfigurations = (
				7BCD8019202CCBFF009824EE /* Debug */,
				7BCD801A202CCBFF009824EE /* Release */,
			);
			defaultConfigurationIsVisible = 0;
			defaultConfigurationName = Release;
		};
/* End XCConfigurationList section */
	};
	rootObject = 7BCD7FFE202CCBFF009824EE /* Project object */;
}
